
Microsoft Visual Studio Solution File, Format Version 12.00
# Visual Studio 15
VisualStudioVersion = 15.0.28307.1831
MinimumVisualStudioVersion = 10.0.40219.1
Project("{FAE04EC0-301F-11D3-BF4B-00C04F79EFBC}") = "CakeBaseManagementApp", "CakeBaseManagementApp\CakeBaseManagementApp.csproj", "{594A46C2-E4B9-4F0D-96E4-C531B2915775}"
EndProject
Global
	GlobalSection(SolutionConfigurationPlatforms) = preSolution
		Debug|Any CPU = Debug|Any CPU
		Release|Any CPU = Release|Any CPU
	EndGlobalSection
	GlobalSection(ProjectConfigurationPlatforms) = postSolution
		{594A46C2-E4B9-4F0D-96E4-C531B2915775}.Debug|Any CPU.ActiveCfg = Debug|Any CPU
		{594A46C2-E4B9-4F0D-96E4-C531B2915775}.Debug|Any CPU.Build.0 = Debug|Any CPU
		{594A46C2-E4B9-4F0D-96E4-C531B2915775}.Release|Any CPU.ActiveCfg = Release|Any CPU
		{594A46C2-E4B9-4F0D-96E4-C531B2915775}.Release|Any CPU.Build.0 = Release|Any CPU
	EndGlobalSection
	GlobalSection(SolutionProperties) = preSolution
		HideSolutionNode = FALSE
	EndGlobalSection
	GlobalSection(ExtensibilityGlobals) = postSolution
		SolutionGuid = {CD8C089E-48C6-46A0-A55F-1DB45FEEC1D7}
	EndGlobalSection
EndGlobal
